
Microsoft Visual Studio Solution File, Format Version 12.00
# Visual Studio 15
VisualStudioVersion = 15.0.26124.0
MinimumVisualStudioVersion = 15.0.26124.0
Project("{2150E333-8FDC-42A3-9474-1A3956D46DE8}") = "src", "src", "{93C6CB8E-B8E2-430A-A467-29AB9AED0922}"
EndProject
Project("{FAE04EC0-301F-11D3-BF4B-00C04F79EFBC}") = "AksHelloWorld", "src\AksHelloWorld\AksHelloWorld.csproj", "{92A055C5-E6FD-4EB7-94B3-AFDDD1FDF845}"
EndProject
Global
	GlobalSection(SolutionConfigurationPlatforms) = preSolution
		Debug|Any CPU = Debug|Any CPU
		Debug|x64 = Debug|x64
		Debug|x86 = Debug|x86
		Release|Any CPU = Release|Any CPU
		Release|x64 = Release|x64
		Release|x86 = Release|x86
	EndGlobalSection
	GlobalSection(SolutionProperties) = preSolution
		HideSolutionNode = FALSE
	EndGlobalSection
	GlobalSection(ProjectConfigurationPlatforms) = postSolution
		{92A055C5-E6FD-4EB7-94B3-AFDDD1FDF845}.Debug|Any CPU.ActiveCfg = Debug|Any CPU
		{92A055C5-E6FD-4EB7-94B3-AFDDD1FDF845}.Debug|Any CPU.Build.0 = Debug|Any CPU
		{92A055C5-E6FD-4EB7-94B3-AFDDD1FDF845}.Debug|x64.ActiveCfg = Debug|Any CPU
		{92A055C5-E6FD-4EB7-94B3-AFDDD1FDF845}.Debug|x64.Build.0 = Debug|Any CPU
		{92A055C5-E6FD-4EB7-94B3-AFDDD1FDF845}.Debug|x86.ActiveCfg = Debug|Any CPU
		{92A055C5-E6FD-4EB7-94B3-AFDDD1FDF845}.Debug|x86.Build.0 = Debug|Any CPU
		{92A055C5-E6FD-4EB7-94B3-AFDDD1FDF845}.Release|Any CPU.ActiveCfg = Release|Any CPU
		{92A055C5-E6FD-4EB7-94B3-AFDDD1FDF845}.Release|Any CPU.Build.0 = Release|Any CPU
		{92A055C5-E6FD-4EB7-94B3-AFDDD1FDF845}.Release|x64.ActiveCfg = Release|Any CPU
		{92A055C5-E6FD-4EB7-94B3-AFDDD1FDF845}.Release|x64.Build.0 = Release|Any CPU
		{92A055C5-E6FD-4EB7-94B3-AFDDD1FDF845}.Release|x86.ActiveCfg = Release|Any CPU
		{92A055C5-E6FD-4EB7-94B3-AFDDD1FDF845}.Release|x86.Build.0 = Release|Any CPU
	EndGlobalSection
	GlobalSection(NestedProjects) = preSolution
		{92A055C5-E6FD-4EB7-94B3-AFDDD1FDF845} = {93C6CB8E-B8E2-430A-A467-29AB9AED0922}
	EndGlobalSection
EndGlobal
